// !$*UTF8*$!
{
	archiveVersion = 1;
	classes = {
	};
	objectVersion = 56;
	objects = {

/* Begin PBXBuildFile section */
		CE2BAC042BBAF0CF002042C0 /* Assets.xcassets in Resources */ = {isa = PBXBuildFile; fileRef = CE2BAC032BBAF0CF002042C0 /* Assets.xcassets */; };
		CE2BAC092BBAF351002042C0 /* AppSidebarList.swift in Sources */ = {isa = PBXBuildFile; fileRef = CE2BAC082BBAF351002042C0 /* AppSidebarList.swift */; };
		CE2BAC0C2BBAF40F002042C0 /* PokedexKit in Frameworks */ = {isa = PBXBuildFile; productRef = CE2BAC0B2BBAF40F002042C0 /* PokedexKit */; };
		CE2BAC0E2BBAF49E002042C0 /* AppDetailColumn.swift in Sources */ = {isa = PBXBuildFile; fileRef = CE2BAC0D2BBAF49E002042C0 /* AppDetailColumn.swift */; };
		CE2BAC112BBAFE51002042C0 /* Localizable.xcstrings in Resources */ = {isa = PBXBuildFile; fileRef = CE2BAC102BBAFE51002042C0 /* Localizable.xcstrings */; };
		CE2BAC122BBD8CC8002042C0 /* PokedexKit in Embed Frameworks */ = {isa = PBXBuildFile; productRef = CE2BAC0B2BBAF40F002042C0 /* PokedexKit */; settings = {ATTRIBUTES = (CodeSignOnCopy, ); }; };
		CE2BAC192BBDB8AB002042C0 /* PokemonApiImpl.swift in Sources */ = {isa = PBXBuildFile; fileRef = CE2BAC182BBDB8AB002042C0 /* PokemonApiImpl.swift */; };
		CE2BAC1B2BBDB949002042C0 /* PokemonApi.swift in Sources */ = {isa = PBXBuildFile; fileRef = CE2BAC1A2BBDB949002042C0 /* PokemonApi.swift */; };
		CE2BAC1F2BC41DA8002042C0 /* PokemonGrid.swift in Sources */ = {isa = PBXBuildFile; fileRef = CE2BAC1E2BC41DA8002042C0 /* PokemonGrid.swift */; };
		CE2BAC212BC4269B002042C0 /* PokemonGallery.swift in Sources */ = {isa = PBXBuildFile; fileRef = CE2BAC202BC4269A002042C0 /* PokemonGallery.swift */; };
		CE2BAC232BC58163002042C0 /* PokemonView.swift in Sources */ = {isa = PBXBuildFile; fileRef = CE2BAC222BC58163002042C0 /* PokemonView.swift */; };
		CECB59962AF7804500847D5F /* PokemonAPI in Frameworks */ = {isa = PBXBuildFile; productRef = CECB59952AF7804500847D5F /* PokemonAPI */; };
		CEF880562AF77BE500C9060E /* PokedexApp.swift in Sources */ = {isa = PBXBuildFile; fileRef = CEF880552AF77BE500C9060E /* PokedexApp.swift */; };
		CEF880582AF77BE500C9060E /* ContentView.swift in Sources */ = {isa = PBXBuildFile; fileRef = CEF880572AF77BE500C9060E /* ContentView.swift */; };
		CEF8805F2AF77BE600C9060E /* Preview Assets.xcassets in Resources */ = {isa = PBXBuildFile; fileRef = CEF8805E2AF77BE600C9060E /* Preview Assets.xcassets */; };
		CEF880692AF77BE600C9060E /* PokedexTests.swift in Sources */ = {isa = PBXBuildFile; fileRef = CEF880682AF77BE600C9060E /* PokedexTests.swift */; };
		CEF880732AF77BE600C9060E /* PokedexUITests.swift in Sources */ = {isa = PBXBuildFile; fileRef = CEF880722AF77BE600C9060E /* PokedexUITests.swift */; };
		CEF880752AF77BE600C9060E /* PokedexUITestsLaunchTests.swift in Sources */ = {isa = PBXBuildFile; fileRef = CEF880742AF77BE600C9060E /* PokedexUITestsLaunchTests.swift */; };
/* End PBXBuildFile section */

/* Begin PBXContainerItemProxy section */
		CEF880652AF77BE600C9060E /* PBXContainerItemProxy */ = {
			isa = PBXContainerItemProxy;
			containerPortal = CEF8804A2AF77BE500C9060E /* Project object */;
			proxyType = 1;
			remoteGlobalIDString = CEF880512AF77BE500C9060E;
			remoteInfo = Pokedex;
		};
		CEF8806F2AF77BE600C9060E /* PBXContainerItemProxy */ = {
			isa = PBXContainerItemProxy;
			containerPortal = CEF8804A2AF77BE500C9060E /* Project object */;
			proxyType = 1;
			remoteGlobalIDString = CEF880512AF77BE500C9060E;
			remoteInfo = Pokedex;
		};
/* End PBXContainerItemProxy section */

/* Begin PBXCopyFilesBuildPhase section */
		CE2BAC132BBD8CC8002042C0 /* Embed Frameworks */ = {
			isa = PBXCopyFilesBuildPhase;
			buildActionMask = 2147483647;
			dstPath = "";
			dstSubfolderSpec = 10;
			files = (
				CE2BAC122BBD8CC8002042C0 /* PokedexKit in Embed Frameworks */,
			);
			name = "Embed Frameworks";
			runOnlyForDeploymentPostprocessing = 0;
		};
/* End PBXCopyFilesBuildPhase section */

/* Begin PBXFileReference section */
		CE2BAC032BBAF0CF002042C0 /* Assets.xcassets */ = {isa = PBXFileReference; lastKnownFileType = folder.assetcatalog; path = Assets.xcassets; sourceTree = "<group>"; };
		CE2BAC052BBAF1BB002042C0 /* PokedexKit */ = {isa = PBXFileReference; lastKnownFileType = wrapper; path = PokedexKit; sourceTree = "<group>"; };
		CE2BAC082BBAF351002042C0 /* AppSidebarList.swift */ = {isa = PBXFileReference; lastKnownFileType = sourcecode.swift; path = AppSidebarList.swift; sourceTree = "<group>"; };
		CE2BAC0D2BBAF49E002042C0 /* AppDetailColumn.swift */ = {isa = PBXFileReference; lastKnownFileType = sourcecode.swift; path = AppDetailColumn.swift; sourceTree = "<group>"; };
		CE2BAC102BBAFE51002042C0 /* Localizable.xcstrings */ = {isa = PBXFileReference; lastKnownFileType = text.json.xcstrings; path = Localizable.xcstrings; sourceTree = "<group>"; };
		CE2BAC182BBDB8AB002042C0 /* PokemonApiImpl.swift */ = {isa = PBXFileReference; lastKnownFileType = sourcecode.swift; path = PokemonApiImpl.swift; sourceTree = "<group>"; };
		CE2BAC1A2BBDB949002042C0 /* PokemonApi.swift */ = {isa = PBXFileReference; lastKnownFileType = sourcecode.swift; path = PokemonApi.swift; sourceTree = "<group>"; };
		CE2BAC1E2BC41DA8002042C0 /* PokemonGrid.swift */ = {isa = PBXFileReference; lastKnownFileType = sourcecode.swift; path = PokemonGrid.swift; sourceTree = "<group>"; };
		CE2BAC202BC4269A002042C0 /* PokemonGallery.swift */ = {isa = PBXFileReference; lastKnownFileType = sourcecode.swift; path = PokemonGallery.swift; sourceTree = "<group>"; };
		CE2BAC222BC58163002042C0 /* PokemonView.swift */ = {isa = PBXFileReference; lastKnownFileType = sourcecode.swift; path = PokemonView.swift; sourceTree = "<group>"; };
		CECB59972AF780F600847D5F /* Info.plist */ = {isa = PBXFileReference; lastKnownFileType = text.plist; path = Info.plist; sourceTree = "<group>"; };
		CEF880522AF77BE500C9060E /* Pokedex.app */ = {isa = PBXFileReference; explicitFileType = wrapper.application; includeInIndex = 0; path = Pokedex.app; sourceTree = BUILT_PRODUCTS_DIR; };
		CEF880552AF77BE500C9060E /* PokedexApp.swift */ = {isa = PBXFileReference; lastKnownFileType = sourcecode.swift; path = PokedexApp.swift; sourceTree = "<group>"; };
		CEF880572AF77BE500C9060E /* ContentView.swift */ = {isa = PBXFileReference; lastKnownFileType = sourcecode.swift; path = ContentView.swift; sourceTree = "<group>"; };
		CEF8805E2AF77BE600C9060E /* Preview Assets.xcassets */ = {isa = PBXFileReference; lastKnownFileType = folder.assetcatalog; path = "Preview Assets.xcassets"; sourceTree = "<group>"; };
		CEF880642AF77BE600C9060E /* PokedexTests.xctest */ = {isa = PBXFileReference; explicitFileType = wrapper.cfbundle; includeInIndex = 0; path = PokedexTests.xctest; sourceTree = BUILT_PRODUCTS_DIR; };
		CEF880682AF77BE600C9060E /* PokedexTests.swift */ = {isa = PBXFileReference; lastKnownFileType = sourcecode.swift; path = PokedexTests.swift; sourceTree = "<group>"; };
		CEF8806E2AF77BE600C9060E /* PokedexUITests.xctest */ = {isa = PBXFileReference; explicitFileType = wrapper.cfbundle; includeInIndex = 0; path = PokedexUITests.xctest; sourceTree = BUILT_PRODUCTS_DIR; };
		CEF880722AF77BE600C9060E /* PokedexUITests.swift */ = {isa = PBXFileReference; lastKnownFileType = sourcecode.swift; path = PokedexUITests.swift; sourceTree = "<group>"; };
		CEF880742AF77BE600C9060E /* PokedexUITestsLaunchTests.swift */ = {isa = PBXFileReference; lastKnownFileType = sourcecode.swift; path = PokedexUITestsLaunchTests.swift; sourceTree = "<group>"; };
/* End PBXFileReference section */

/* Begin PBXFrameworksBuildPhase section */
		CEF8804F2AF77BE500C9060E /* Frameworks */ = {
			isa = PBXFrameworksBuildPhase;
			buildActionMask = 2147483647;
			files = (
				CE2BAC0C2BBAF40F002042C0 /* PokedexKit in Frameworks */,
				CECB59962AF7804500847D5F /* PokemonAPI in Frameworks */,
			);
			runOnlyForDeploymentPostprocessing = 0;
		};
		CEF880612AF77BE600C9060E /* Frameworks */ = {
			isa = PBXFrameworksBuildPhase;
			buildActionMask = 2147483647;
			files = (
			);
			runOnlyForDeploymentPostprocessing = 0;
		};
		CEF8806B2AF77BE600C9060E /* Frameworks */ = {
			isa = PBXFrameworksBuildPhase;
			buildActionMask = 2147483647;
			files = (
			);
			runOnlyForDeploymentPostprocessing = 0;
		};
/* End PBXFrameworksBuildPhase section */

/* Begin PBXGroup section */
		CE2BAC0A2BBAF40F002042C0 /* Frameworks */ = {
			isa = PBXGroup;
			children = (
			);
			name = Frameworks;
			sourceTree = "<group>";
		};
		CE2BAC0F2BBAF796002042C0 /* Navigation */ = {
			isa = PBXGroup;
			children = (
				CEF880572AF77BE500C9060E /* ContentView.swift */,
				CE2BAC082BBAF351002042C0 /* AppSidebarList.swift */,
				CE2BAC0D2BBAF49E002042C0 /* AppDetailColumn.swift */,
			);
			path = Navigation;
			sourceTree = "<group>";
		};
		CE2BAC152BBDB6F6002042C0 /* Network */ = {
			isa = PBXGroup;
			children = (
				CE2BAC182BBDB8AB002042C0 /* PokemonApiImpl.swift */,
				CE2BAC1A2BBDB949002042C0 /* PokemonApi.swift */,
			);
			path = Network;
			sourceTree = "<group>";
		};
		CECA3E3B2BCD346C001C6665 /* PekemonEntire */ = {
			isa = PBXGroup;
			children = (
				CE2BAC202BC4269A002042C0 /* PokemonGallery.swift */,
				CE2BAC1E2BC41DA8002042C0 /* PokemonGrid.swift */,
				CE2BAC222BC58163002042C0 /* PokemonView.swift */,
			);
			path = PekemonEntire;
			sourceTree = "<group>";
		};
		CEF880492AF77BE500C9060E = {
			isa = PBXGroup;
			children = (
				CEF880542AF77BE500C9060E /* App */,
				CE2BAC052BBAF1BB002042C0 /* PokedexKit */,
				CEF880672AF77BE600C9060E /* PokedexTests */,
				CEF880712AF77BE600C9060E /* PokedexUITests */,
				CEF880532AF77BE500C9060E /* Products */,
				CE2BAC0A2BBAF40F002042C0 /* Frameworks */,
			);
			sourceTree = "<group>";
		};
		CEF880532AF77BE500C9060E /* Products */ = {
			isa = PBXGroup;
			children = (
				CEF880522AF77BE500C9060E /* Pokedex.app */,
				CEF880642AF77BE600C9060E /* PokedexTests.xctest */,
				CEF8806E2AF77BE600C9060E /* PokedexUITests.xctest */,
			);
			name = Products;
			sourceTree = "<group>";
		};
		CEF880542AF77BE500C9060E /* App */ = {
			isa = PBXGroup;
			children = (
				CECB59972AF780F600847D5F /* Info.plist */,
				CE2BAC102BBAFE51002042C0 /* Localizable.xcstrings */,
				CE2BAC032BBAF0CF002042C0 /* Assets.xcassets */,
				CEF880552AF77BE500C9060E /* PokedexApp.swift */,
				CECA3E3B2BCD346C001C6665 /* PekemonEntire */,
				CE2BAC152BBDB6F6002042C0 /* Network */,
				CE2BAC0F2BBAF796002042C0 /* Navigation */,
				CEF8805D2AF77BE600C9060E /* Preview Content */,
			);
			path = App;
			sourceTree = "<group>";
		};
		CEF8805D2AF77BE600C9060E /* Preview Content */ = {
			isa = PBXGroup;
			children = (
				CEF8805E2AF77BE600C9060E /* Preview Assets.xcassets */,
			);
			path = "Preview Content";
			sourceTree = "<group>";
		};
		CEF880672AF77BE600C9060E /* PokedexTests */ = {
			isa = PBXGroup;
			children = (
				CEF880682AF77BE600C9060E /* PokedexTests.swift */,
			);
			path = PokedexTests;
			sourceTree = "<group>";
		};
		CEF880712AF77BE600C9060E /* PokedexUITests */ = {
			isa = PBXGroup;
			children = (
				CEF880722AF77BE600C9060E /* PokedexUITests.swift */,
				CEF880742AF77BE600C9060E /* PokedexUITestsLaunchTests.swift */,
			);
			path = PokedexUITests;
			sourceTree = "<group>";
		};
/* End PBXGroup section */

/* Begin PBXNativeTarget section */
		CEF880512AF77BE500C9060E /* Pokedex */ = {
			isa = PBXNativeTarget;
			buildConfigurationList = CEF880782AF77BE600C9060E /* Build configuration list for PBXNativeTarget "Pokedex" */;
			buildPhases = (
				CEF8804E2AF77BE500C9060E /* Sources */,
				CEF8804F2AF77BE500C9060E /* Frameworks */,
				CEF880502AF77BE500C9060E /* Resources */,
				CE2BAC132BBD8CC8002042C0 /* Embed Frameworks */,
			);
			buildRules = (
			);
			dependencies = (
			);
			name = Pokedex;
			packageProductDependencies = (
				CECB59952AF7804500847D5F /* PokemonAPI */,
				CE2BAC0B2BBAF40F002042C0 /* PokedexKit */,
			);
			productName = Pokedex;
			productReference = CEF880522AF77BE500C9060E /* Pokedex.app */;
			productType = "com.apple.product-type.application";
		};
		CEF880632AF77BE600C9060E /* PokedexTests */ = {
			isa = PBXNativeTarget;
			buildConfigurationList = CEF8807B2AF77BE600C9060E /* Build configuration list for PBXNativeTarget "PokedexTests" */;
			buildPhases = (
				CEF880602AF77BE600C9060E /* Sources */,
				CEF880612AF77BE600C9060E /* Frameworks */,
				CEF880622AF77BE600C9060E /* Resources */,
			);
			buildRules = (
			);
			dependencies = (
				CEF880662AF77BE600C9060E /* PBXTargetDependency */,
			);
			name = PokedexTests;
			productName = PokedexTests;
			productReference = CEF880642AF77BE600C9060E /* PokedexTests.xctest */;
			productType = "com.apple.product-type.bundle.unit-test";
		};
		CEF8806D2AF77BE600C9060E /* PokedexUITests */ = {
			isa = PBXNativeTarget;
			buildConfigurationList = CEF8807E2AF77BE600C9060E /* Build configuration list for PBXNativeTarget "PokedexUITests" */;
			buildPhases = (
				CEF8806A2AF77BE600C9060E /* Sources */,
				CEF8806B2AF77BE600C9060E /* Frameworks */,
				CEF8806C2AF77BE600C9060E /* Resources */,
			);
			buildRules = (
			);
			dependencies = (
				CEF880702AF77BE600C9060E /* PBXTargetDependency */,
			);
			name = PokedexUITests;
			productName = PokedexUITests;
			productReference = CEF8806E2AF77BE600C9060E /* PokedexUITests.xctest */;
			productType = "com.apple.product-type.bundle.ui-testing";
		};
/* End PBXNativeTarget section */

/* Begin PBXProject section */
		CEF8804A2AF77BE500C9060E /* Project object */ = {
			isa = PBXProject;
			attributes = {
				BuildIndependentTargetsInParallel = 1;
				LastSwiftUpdateCheck = 1500;
				LastUpgradeCheck = 1530;
				TargetAttributes = {
					CEF880512AF77BE500C9060E = {
						CreatedOnToolsVersion = 15.0.1;
					};
					CEF880632AF77BE600C9060E = {
						CreatedOnToolsVersion = 15.0.1;
						TestTargetID = CEF880512AF77BE500C9060E;
					};
					CEF8806D2AF77BE600C9060E = {
						CreatedOnToolsVersion = 15.0.1;
						TestTargetID = CEF880512AF77BE500C9060E;
					};
				};
			};
			buildConfigurationList = CEF8804D2AF77BE500C9060E /* Build configuration list for PBXProject "Pokedex" */;
			compatibilityVersion = "Xcode 14.0";
			developmentRegion = ko;
			hasScannedForEncodings = 0;
			knownRegions = (
				ko,
				en,
			);
			mainGroup = CEF880492AF77BE500C9060E;
			packageReferences = (
				CECB59942AF7804500847D5F /* XCRemoteSwiftPackageReference "PokemonAPI" */,
			);
			productRefGroup = CEF880532AF77BE500C9060E /* Products */;
			projectDirPath = "";
			projectRoot = "";
			targets = (
				CEF880512AF77BE500C9060E /* Pokedex */,
				CEF880632AF77BE600C9060E /* PokedexTests */,
				CEF8806D2AF77BE600C9060E /* PokedexUITests */,
			);
		};
/* End PBXProject section */

/* Begin PBXResourcesBuildPhase section */
		CEF880502AF77BE500C9060E /* Resources */ = {
			isa = PBXResourcesBuildPhase;
			buildActionMask = 2147483647;
			files = (
				CE2BAC042BBAF0CF002042C0 /* Assets.xcassets in Resources */,
				CEF8805F2AF77BE600C9060E /* Preview Assets.xcassets in Resources */,
				CE2BAC112BBAFE51002042C0 /* Localizable.xcstrings in Resources */,
			);
			runOnlyForDeploymentPostprocessing = 0;
		};
		CEF880622AF77BE600C9060E /* Resources */ = {
			isa = PBXResourcesBuildPhase;
			buildActionMask = 2147483647;
			files = (
			);
			runOnlyForDeploymentPostprocessing = 0;
		};
		CEF8806C2AF77BE600C9060E /* Resources */ = {
			isa = PBXResourcesBuildPhase;
			buildActionMask = 2147483647;
			files = (
			);
			runOnlyForDeploymentPostprocessing = 0;
		};
/* End PBXResourcesBuildPhase section */

/* Begin PBXSourcesBuildPhase section */
		CEF8804E2AF77BE500C9060E /* Sources */ = {
			isa = PBXSourcesBuildPhase;
			buildActionMask = 2147483647;
			files = (
				CE2BAC212BC4269B002042C0 /* PokemonGallery.swift in Sources */,
				CE2BAC1B2BBDB949002042C0 /* PokemonApi.swift in Sources */,
				CEF880582AF77BE500C9060E /* ContentView.swift in Sources */,
				CE2BAC232BC58163002042C0 /* PokemonView.swift in Sources */,
				CE2BAC092BBAF351002042C0 /* AppSidebarList.swift in Sources */,
				CE2BAC0E2BBAF49E002042C0 /* AppDetailColumn.swift in Sources */,
				CE2BAC1F2BC41DA8002042C0 /* PokemonGrid.swift in Sources */,
				CE2BAC192BBDB8AB002042C0 /* PokemonApiImpl.swift in Sources */,
				CEF880562AF77BE500C9060E /* PokedexApp.swift in Sources */,
			);
			runOnlyForDeploymentPostprocessing = 0;
		};
		CEF880602AF77BE600C9060E /* Sources */ = {
			isa = PBXSourcesBuildPhase;
			buildActionMask = 2147483647;
			files = (
				CEF880692AF77BE600C9060E /* PokedexTests.swift in Sources */,
			);
			runOnlyForDeploymentPostprocessing = 0;
		};
		CEF8806A2AF77BE600C9060E /* Sources */ = {
			isa = PBXSourcesBuildPhase;
			buildActionMask = 2147483647;
			files = (
				CEF880732AF77BE600C9060E /* PokedexUITests.swift in Sources */,
				CEF880752AF77BE600C9060E /* PokedexUITestsLaunchTests.swift in Sources */,
			);
			runOnlyForDeploymentPostprocessing = 0;
		};
/* End PBXSourcesBuildPhase section */

/* Begin PBXTargetDependency section */
		CEF880662AF77BE600C9060E /* PBXTargetDependency */ = {
			isa = PBXTargetDependency;
			target = CEF880512AF77BE500C9060E /* Pokedex */;
			targetProxy = CEF880652AF77BE600C9060E /* PBXContainerItemProxy */;
		};
		CEF880702AF77BE600C9060E /* PBXTargetDependency */ = {
			isa = PBXTargetDependency;
			target = CEF880512AF77BE500C9060E /* Pokedex */;
			targetProxy = CEF8806F2AF77BE600C9060E /* PBXContainerItemProxy */;
		};
/* End PBXTargetDependency section */

/* Begin XCBuildConfiguration section */
		CEF880762AF77BE600C9060E /* Debug */ = {
			isa = XCBuildConfiguration;
			buildSettings = {
				ALWAYS_SEARCH_USER_PATHS = NO;
				ASSETCATALOG_COMPILER_GENERATE_SWIFT_ASSET_SYMBOL_EXTENSIONS = YES;
				CLANG_ANALYZER_LOCALIZABILITY_NONLOCALIZED = YES;
				CLANG_ANALYZER_NONNULL = YES;
				CLANG_ANALYZER_NUMBER_OBJECT_CONVERSION = YES_AGGRESSIVE;
				CLANG_CXX_LANGUAGE_STANDARD = "gnu++20";
				CLANG_ENABLE_MODULES = YES;
				CLANG_ENABLE_OBJC_ARC = YES;
				CLANG_ENABLE_OBJC_WEAK = YES;
				CLANG_WARN_BLOCK_CAPTURE_AUTORELEASING = YES;
				CLANG_WARN_BOOL_CONVERSION = YES;
				CLANG_WARN_COMMA = YES;
				CLANG_WARN_CONSTANT_CONVERSION = YES;
				CLANG_WARN_DEPRECATED_OBJC_IMPLEMENTATIONS = YES;
				CLANG_WARN_DIRECT_OBJC_ISA_USAGE = YES_ERROR;
				CLANG_WARN_DOCUMENTATION_COMMENTS = YES;
				CLANG_WARN_EMPTY_BODY = YES;
				CLANG_WARN_ENUM_CONVERSION = YES;
				CLANG_WARN_INFINITE_RECURSION = YES;
				CLANG_WARN_INT_CONVERSION = YES;
				CLANG_WARN_NON_LITERAL_NULL_CONVERSION = YES;
				CLANG_WARN_OBJC_IMPLICIT_RETAIN_SELF = YES;
				CLANG_WARN_OBJC_LITERAL_CONVERSION = YES;
				CLANG_WARN_OBJC_ROOT_CLASS = YES_ERROR;
				CLANG_WARN_QUOTED_INCLUDE_IN_FRAMEWORK_HEADER = YES;
				CLANG_WARN_RANGE_LOOP_ANALYSIS = YES;
				CLANG_WARN_STRICT_PROTOTYPES = YES;
				CLANG_WARN_SUSPICIOUS_MOVE = YES;
				CLANG_WARN_UNGUARDED_AVAILABILITY = YES_AGGRESSIVE;
				CLANG_WARN_UNREACHABLE_CODE = YES;
				CLANG_WARN__DUPLICATE_METHOD_MATCH = YES;
				COPY_PHASE_STRIP = NO;
				DEBUG_INFORMATION_FORMAT = dwarf;
				ENABLE_STRICT_OBJC_MSGSEND = YES;
				ENABLE_TESTABILITY = YES;
				ENABLE_USER_SCRIPT_SANDBOXING = YES;
				GCC_C_LANGUAGE_STANDARD = gnu17;
				GCC_DYNAMIC_NO_PIC = NO;
				GCC_NO_COMMON_BLOCKS = YES;
				GCC_OPTIMIZATION_LEVEL = 0;
				GCC_PREPROCESSOR_DEFINITIONS = (
					"DEBUG=1",
					"$(inherited)",
				);
				GCC_WARN_64_TO_32_BIT_CONVERSION = YES;
				GCC_WARN_ABOUT_RETURN_TYPE = YES_ERROR;
				GCC_WARN_UNDECLARED_SELECTOR = YES;
				GCC_WARN_UNINITIALIZED_AUTOS = YES_AGGRESSIVE;
				GCC_WARN_UNUSED_FUNCTION = YES;
				GCC_WARN_UNUSED_VARIABLE = YES;
				IPHONEOS_DEPLOYMENT_TARGET = 17.0;
				LOCALIZATION_PREFERS_STRING_CATALOGS = YES;
				MTL_ENABLE_DEBUG_INFO = INCLUDE_SOURCE;
				MTL_FAST_MATH = YES;
				ONLY_ACTIVE_ARCH = YES;
				SDKROOT = iphoneos;
				SWIFT_ACTIVE_COMPILATION_CONDITIONS = "DEBUG $(inherited)";
				SWIFT_OPTIMIZATION_LEVEL = "-Onone";
			};
			name = Debug;
		};
		CEF880772AF77BE600C9060E /* Release */ = {
			isa = XCBuildConfiguration;
			buildSettings = {
				ALWAYS_SEARCH_USER_PATHS = NO;
				ASSETCATALOG_COMPILER_GENERATE_SWIFT_ASSET_SYMBOL_EXTENSIONS = YES;
				CLANG_ANALYZER_LOCALIZABILITY_NONLOCALIZED = YES;
				CLANG_ANALYZER_NONNULL = YES;
				CLANG_ANALYZER_NUMBER_OBJECT_CONVERSION = YES_AGGRESSIVE;
				CLANG_CXX_LANGUAGE_STANDARD = "gnu++20";
				CLANG_ENABLE_MODULES = YES;
				CLANG_ENABLE_OBJC_ARC = YES;
				CLANG_ENABLE_OBJC_WEAK = YES;
				CLANG_WARN_BLOCK_CAPTURE_AUTORELEASING = YES;
				CLANG_WARN_BOOL_CONVERSION = YES;
				CLANG_WARN_COMMA = YES;
				CLANG_WARN_CONSTANT_CONVERSION = YES;
				CLANG_WARN_DEPRECATED_OBJC_IMPLEMENTATIONS = YES;
				CLANG_WARN_DIRECT_OBJC_ISA_USAGE = YES_ERROR;
				CLANG_WARN_DOCUMENTATION_COMMENTS = YES;
				CLANG_WARN_EMPTY_BODY = YES;
				CLANG_WARN_ENUM_CONVERSION = YES;
				CLANG_WARN_INFINITE_RECURSION = YES;
				CLANG_WARN_INT_CONVERSION = YES;
				CLANG_WARN_NON_LITERAL_NULL_CONVERSION = YES;
				CLANG_WARN_OBJC_IMPLICIT_RETAIN_SELF = YES;
				CLANG_WARN_OBJC_LITERAL_CONVERSION = YES;
				CLANG_WARN_OBJC_ROOT_CLASS = YES_ERROR;
				CLANG_WARN_QUOTED_INCLUDE_IN_FRAMEWORK_HEADER = YES;
				CLANG_WARN_RANGE_LOOP_ANALYSIS = YES;
				CLANG_WARN_STRICT_PROTOTYPES = YES;
				CLANG_WARN_SUSPICIOUS_MOVE = YES;
				CLANG_WARN_UNGUARDED_AVAILABILITY = YES_AGGRESSIVE;
				CLANG_WARN_UNREACHABLE_CODE = YES;
				CLANG_WARN__DUPLICATE_METHOD_MATCH = YES;
				COPY_PHASE_STRIP = NO;
				DEBUG_INFORMATION_FORMAT = "dwarf-with-dsym";
				ENABLE_NS_ASSERTIONS = NO;
				ENABLE_STRICT_OBJC_MSGSEND = YES;
				ENABLE_USER_SCRIPT_SANDBOXING = YES;
				GCC_C_LANGUAGE_STANDARD = gnu17;
				GCC_NO_COMMON_BLOCKS = YES;
				GCC_WARN_64_TO_32_BIT_CONVERSION = YES;
				GCC_WARN_ABOUT_RETURN_TYPE = YES_ERROR;
				GCC_WARN_UNDECLARED_SELECTOR = YES;
				GCC_WARN_UNINITIALIZED_AUTOS = YES_AGGRESSIVE;
				GCC_WARN_UNUSED_FUNCTION = YES;
				GCC_WARN_UNUSED_VARIABLE = YES;
				IPHONEOS_DEPLOYMENT_TARGET = 17.0;
				LOCALIZATION_PREFERS_STRING_CATALOGS = YES;
				MTL_ENABLE_DEBUG_INFO = NO;
				MTL_FAST_MATH = YES;
				SDKROOT = iphoneos;
				SWIFT_COMPILATION_MODE = wholemodule;
				VALIDATE_PRODUCT = YES;
			};
			name = Release;
		};
		CEF880792AF77BE600C9060E /* Debug */ = {
			isa = XCBuildConfiguration;
			buildSettings = {
				ASSETCATALOG_COMPILER_APPICON_NAME = AppIcon;
				ASSETCATALOG_COMPILER_GLOBAL_ACCENT_COLOR_NAME = AccentColor;
				CODE_SIGN_STYLE = Automatic;
				CURRENT_PROJECT_VERSION = 1;
				DEVELOPMENT_ASSET_PATHS = "\"App/Preview Content\"";
				DEVELOPMENT_TEAM = 8UV3Y69NB7;
				ENABLE_PREVIEWS = YES;
				GENERATE_INFOPLIST_FILE = YES;
				INFOPLIST_FILE = App/Info.plist;
				INFOPLIST_KEY_UIApplicationSceneManifest_Generation = YES;
				INFOPLIST_KEY_UIApplicationSupportsIndirectInputEvents = YES;
				INFOPLIST_KEY_UILaunchScreen_Generation = YES;
				INFOPLIST_KEY_UISupportedInterfaceOrientations_iPad = "UIInterfaceOrientationPortrait UIInterfaceOrientationPortraitUpsideDown UIInterfaceOrientationLandscapeLeft UIInterfaceOrientationLandscapeRight";
				INFOPLIST_KEY_UISupportedInterfaceOrientations_iPhone = "UIInterfaceOrientationPortrait UIInterfaceOrientationLandscapeLeft UIInterfaceOrientationLandscapeRight";
				LD_RUNPATH_SEARCH_PATHS = (
					"$(inherited)",
					"@executable_path/Frameworks",
				);
				MARKETING_VERSION = 0.0.1;
				PRODUCT_BUNDLE_IDENTIFIER = gaeng2y.Pokedex;
				PRODUCT_NAME = "$(TARGET_NAME)";
				SUPPORTED_PLATFORMS = "iphoneos iphonesimulator macosx";
				SUPPORTS_MACCATALYST = NO;
				SUPPORTS_MAC_DESIGNED_FOR_IPHONE_IPAD = NO;
				SWIFT_EMIT_LOC_STRINGS = YES;
				SWIFT_VERSION = 5.0;
				TARGETED_DEVICE_FAMILY = "1,2";
			};
			name = Debug;
		};
		CEF8807A2AF77BE600C9060E /* Release */ = {
			isa = XCBuildConfiguration;
			buildSettings = {
				ASSETCATALOG_COMPILER_APPICON_NAME = AppIcon;
				ASSETCATALOG_COMPILER_GLOBAL_ACCENT_COLOR_NAME = AccentColor;
				CODE_SIGN_STYLE = Automatic;
				CURRENT_PROJECT_VERSION = 1;
				DEVELOPMENT_ASSET_PATHS = "\"App/Preview Content\"";
				DEVELOPMENT_TEAM = 8UV3Y69NB7;
				ENABLE_PREVIEWS = YES;
				GENERATE_INFOPLIST_FILE = YES;
				INFOPLIST_FILE = App/Info.plist;
				INFOPLIST_KEY_UIApplicationSceneManifest_Generation = YES;
				INFOPLIST_KEY_UIApplicationSupportsIndirectInputEvents = YES;
				INFOPLIST_KEY_UILaunchScreen_Generation = YES;
				INFOPLIST_KEY_UISupportedInterfaceOrientations_iPad = "UIInterfaceOrientationPortrait UIInterfaceOrientationPortraitUpsideDown UIInterfaceOrientationLandscapeLeft UIInterfaceOrientationLandscapeRight";
				INFOPLIST_KEY_UISupportedInterfaceOrientations_iPhone = "UIInterfaceOrientationPortrait UIInterfaceOrientationLandscapeLeft UIInterfaceOrientationLandscapeRight";
				LD_RUNPATH_SEARCH_PATHS = (
					"$(inherited)",
					"@executable_path/Frameworks",
				);
				MARKETING_VERSION = 0.0.1;
				PRODUCT_BUNDLE_IDENTIFIER = gaeng2y.Pokedex;
				PRODUCT_NAME = "$(TARGET_NAME)";
				SUPPORTED_PLATFORMS = "iphoneos iphonesimulator macosx";
				SUPPORTS_MACCATALYST = NO;
				SUPPORTS_MAC_DESIGNED_FOR_IPHONE_IPAD = NO;
				SWIFT_EMIT_LOC_STRINGS = YES;
				SWIFT_VERSION = 5.0;
				TARGETED_DEVICE_FAMILY = "1,2";
			};
			name = Release;
		};
		CEF8807C2AF77BE600C9060E /* Debug */ = {
			isa = XCBuildConfiguration;
			buildSettings = {
				ALWAYS_EMBED_SWIFT_STANDARD_LIBRARIES = YES;
				BUNDLE_LOADER = "$(TEST_HOST)";
				CODE_SIGN_STYLE = Automatic;
				CURRENT_PROJECT_VERSION = 1;
				DEVELOPMENT_TEAM = 8UV3Y69NB7;
				GENERATE_INFOPLIST_FILE = YES;
				IPHONEOS_DEPLOYMENT_TARGET = 17.0;
				MARKETING_VERSION = 1.0;
				PRODUCT_BUNDLE_IDENTIFIER = gaeng2y.PokedexTests;
				PRODUCT_NAME = "$(TARGET_NAME)";
				SWIFT_EMIT_LOC_STRINGS = NO;
				SWIFT_VERSION = 5.0;
				TARGETED_DEVICE_FAMILY = "1,2";
				TEST_HOST = "$(BUILT_PRODUCTS_DIR)/Pokedex.app/$(BUNDLE_EXECUTABLE_FOLDER_PATH)/Pokedex";
			};
			name = Debug;
		};
		CEF8807D2AF77BE600C9060E /* Release */ = {
			isa = XCBuildConfiguration;
			buildSettings = {
				ALWAYS_EMBED_SWIFT_STANDARD_LIBRARIES = YES;
				BUNDLE_LOADER = "$(TEST_HOST)";
				CODE_SIGN_STYLE = Automatic;
				CURRENT_PROJECT_VERSION = 1;
				DEVELOPMENT_TEAM = 8UV3Y69NB7;
				GENERATE_INFOPLIST_FILE = YES;
				IPHONEOS_DEPLOYMENT_TARGET = 17.0;
				MARKETING_VERSION = 1.0;
				PRODUCT_BUNDLE_IDENTIFIER = gaeng2y.PokedexTests;
				PRODUCT_NAME = "$(TARGET_NAME)";
				SWIFT_EMIT_LOC_STRINGS = NO;
				SWIFT_VERSION = 5.0;
				TARGETED_DEVICE_FAMILY = "1,2";
				TEST_HOST = "$(BUILT_PRODUCTS_DIR)/Pokedex.app/$(BUNDLE_EXECUTABLE_FOLDER_PATH)/Pokedex";
			};
			name = Release;
		};
		CEF8807F2AF77BE600C9060E /* Debug */ = {
			isa = XCBuildConfiguration;
			buildSettings = {
				ALWAYS_EMBED_SWIFT_STANDARD_LIBRARIES = YES;
				CODE_SIGN_STYLE = Automatic;
				CURRENT_PROJECT_VERSION = 1;
				DEVELOPMENT_TEAM = 8UV3Y69NB7;
				GENERATE_INFOPLIST_FILE = YES;
				MARKETING_VERSION = 1.0;
				PRODUCT_BUNDLE_IDENTIFIER = gaeng2y.PokedexUITests;
				PRODUCT_NAME = "$(TARGET_NAME)";
				SWIFT_EMIT_LOC_STRINGS = NO;
				SWIFT_VERSION = 5.0;
				TARGETED_DEVICE_FAMILY = "1,2";
				TEST_TARGET_NAME = Pokedex;
			};
			name = Debug;
		};
		CEF880802AF77BE600C9060E /* Release */ = {
			isa = XCBuildConfiguration;
			buildSettings = {
				ALWAYS_EMBED_SWIFT_STANDARD_LIBRARIES = YES;
				CODE_SIGN_STYLE = Automatic;
				CURRENT_PROJECT_VERSION = 1;
				DEVELOPMENT_TEAM = 8UV3Y69NB7;
				GENERATE_INFOPLIST_FILE = YES;
				MARKETING_VERSION = 1.0;
				PRODUCT_BUNDLE_IDENTIFIER = gaeng2y.PokedexUITests;
				PRODUCT_NAME = "$(TARGET_NAME)";
				SWIFT_EMIT_LOC_STRINGS = NO;
				SWIFT_VERSION = 5.0;
				TARGETED_DEVICE_FAMILY = "1,2";
				TEST_TARGET_NAME = Pokedex;
			};
			name = Release;
		};
/* End XCBuildConfiguration section */

/* Begin XCConfigurationList section */
		CEF8804D2AF77BE500C9060E /* Build configuration list for PBXProject "Pokedex" */ = {
			isa = XCConfigurationList;
			buildConfigurations = (
				CEF880762AF77BE600C9060E /* Debug */,
				CEF880772AF77BE600C9060E /* Release */,
			);
			defaultConfigurationIsVisible = 0;
			defaultConfigurationName = Release;
		};
		CEF880782AF77BE600C9060E /* Build configuration list for PBXNativeTarget "Pokedex" */ = {
			isa = XCConfigurationList;
			buildConfigurations = (
				CEF880792AF77BE600C9060E /* Debug */,
				CEF8807A2AF77BE600C9060E /* Release */,
			);
			defaultConfigurationIsVisible = 0;
			defaultConfigurationName = Release;
		};
		CEF8807B2AF77BE600C9060E /* Build configuration list for PBXNativeTarget "PokedexTests" */ = {
			isa = XCConfigurationList;
			buildConfigurations = (
				CEF8807C2AF77BE600C9060E /* Debug */,
				CEF8807D2AF77BE600C9060E /* Release */,
			);
			defaultConfigurationIsVisible = 0;
			defaultConfigurationName = Release;
		};
		CEF8807E2AF77BE600C9060E /* Build configuration list for PBXNativeTarget "PokedexUITests" */ = {
			isa = XCConfigurationList;
			buildConfigurations = (
				CEF8807F2AF77BE600C9060E /* Debug */,
				CEF880802AF77BE600C9060E /* Release */,
			);
			defaultConfigurationIsVisible = 0;
			defaultConfigurationName = Release;
		};
/* End XCConfigurationList section */

/* Begin XCRemoteSwiftPackageReference section */
		CECB59942AF7804500847D5F /* XCRemoteSwiftPackageReference "PokemonAPI" */ = {
			isa = XCRemoteSwiftPackageReference;
			repositoryURL = "https://github.com/kinkofer/PokemonAPI.git";
			requirement = {
				kind = upToNextMajorVersion;
				minimumVersion = 6.1.1;
			};
		};
/* End XCRemoteSwiftPackageReference section */

/* Begin XCSwiftPackageProductDependency section */
		CE2BAC0B2BBAF40F002042C0 /* PokedexKit */ = {
			isa = XCSwiftPackageProductDependency;
			productName = PokedexKit;
		};
		CECB59952AF7804500847D5F /* PokemonAPI */ = {
			isa = XCSwiftPackageProductDependency;
			package = CECB59942AF7804500847D5F /* XCRemoteSwiftPackageReference "PokemonAPI" */;
			productName = PokemonAPI;
		};
/* End XCSwiftPackageProductDependency section */
	};
	rootObject = CEF8804A2AF77BE500C9060E /* Project object */;
}
