{
  "originHash" : "7abc3a03ba48bdc18a3a8b8773bf9aba719daa981e849fe4ebe4181f2987ce6c",
  "pins" : [
    {
      "identity" : "pokemonapi",
      "kind" : "remoteSourceControl",
      "location" : "https://github.com/kinkofer/PokemonAPI.git",
      "state" : {
        "revision" : "dfb4cfbf5f91798a5c37b031b913e21a74a06289",
        "version" : "6.1.1"
      }
    }
  ],
  "version" : 3
}
